<?xml version="1.0" encoding="utf-8"?>
<Project ToolsVersion="4.0" xmlns="http://schemas.microsoft.com/developer/msbuild/2003">
  <ItemGroup>
    <Filter Include="Source Files">
      <UniqueIdentifier>{4FC737F1-C7A5-4376-A066-2A32D752A2FF}</UniqueIdentifier>
      <Extensions>cpp;c;cc;cxx;def;odl;idl;hpj;bat;asm;asmx</Extensions>
    </Filter>
    <Filter Include="Header Files">
      <UniqueIdentifier>{93995380-89BD-4b04-88EB-625FBE52EBFB}</UniqueIdentifier>
      <Extensions>h;hh;hpp;hxx;hm;inl;inc;xsd</Extensions>
    </Filter>
    <Filter Include="Resource Files">
      <UniqueIdentifier>{67DA6AB6-F800-4c08-8B7A-83BB121AAD01}</UniqueIdentifier>
      <Extensions>rc;ico;cur;bmp;dlg;rc2;rct;bin;rgs;gif;jpg;jpeg;jpe;resx;tiff;tif;png;wav;mfcribbon-ms</Extensions>
    </Filter>
    <Filter Include="Header Files\rhythms">
      <UniqueIdentifier>{a97d2616-c254-4f39-ad2c-3e60e4d8ad0a}</UniqueIdentifier>
    </Filter>
    <Filter Include="Header Files\utils">
      <UniqueIdentifier>{2cec88fe-edc8-4cbb-a32e-54e785ee18a5}</UniqueIdentifier>
    </Filter>
    <Filter Include="Header Files\instruments">
      <UniqueIdentifier>{649c09d7-d2df-4a33-b6a4-84403a87df42}</UniqueIdentifier>
    </Filter>
    <Filter Include="Header Files\generators">
      <UniqueIdentifier>{19bcf0ca-c99c-45eb-a746-20964f13a8ec}</UniqueIdentifier>
    </Filter>
    <Filter Include="Header Files\defs">
      <UniqueIdentifier>{43c88b97-2eed-444f-bb66-c74c35203613}</UniqueIdentifier>
    </Filter>
    <Filter Include="Header Files\app">
      <UniqueIdentifier>{9bccd42c-049c-40b6-a4d4-cbc47aaffdf3}</UniqueIdentifier>
    </Filter>
  </ItemGroup>
  <ItemGroup>
    <None Include="MiduinoSketch.ino" />
  </ItemGroup>
  <ItemGroup>
    <ClInclude Include="__vm\.MiduinoSketch.vsarduino.h">
      <Filter>Header Files</Filter>
    </ClInclude>
    <ClInclude Include="app_utils.h">
      <Filter>Header Files\app</Filter>
    </ClInclude>
    <ClInclude Include="ab.h">
      <Filter>Header Files\utils</Filter>
    </ClInclude>
    <ClInclude Include="chords.h">
      <Filter>Header Files\utils</Filter>
    </ClInclude>
    <ClInclude Include="cv.h">
      <Filter>Header Files\utils</Filter>
    </ClInclude>
    <ClInclude Include="intervals.h">
      <Filter>Header Files\utils</Filter>
    </ClInclude>
    <ClInclude Include="mask.h">
      <Filter>Header Files\utils</Filter>
    </ClInclude>
    <ClInclude Include="pitch.h">
      <Filter>Header Files\utils</Filter>
    </ClInclude>
    <ClInclude Include="print.h">
      <Filter>Header Files\utils</Filter>
    </ClInclude>
    <ClInclude Include="rand.h">
      <Filter>Header Files\utils</Filter>
    </ClInclude>
    <ClInclude Include="utils.h">
      <Filter>Header Files\utils</Filter>
    </ClInclude>
    <ClInclude Include="coef.h">
      <Filter>Header Files\rhythms</Filter>
    </ClInclude>
    <ClInclude Include="euclid.h">
      <Filter>Header Files\rhythms</Filter>
    </ClInclude>
    <ClInclude Include="gate.h">
      <Filter>Header Files\rhythms</Filter>
    </ClInclude>
    <ClInclude Include="rhythms.h">
      <Filter>Header Files\rhythms</Filter>
    </ClInclude>
    <ClInclude Include="rhythm_time.h">
      <Filter>Header Files\rhythms</Filter>
    </ClInclude>
    <ClInclude Include="bass.h">
      <Filter>Header Files\instruments</Filter>
    </ClInclude>
    <ClInclude Include="bass_dub.h">
      <Filter>Header Files\instruments</Filter>
    </ClInclude>
    <ClInclude Include="lead.h">
      <Filter>Header Files\instruments</Filter>
    </ClInclude>
    <ClInclude Include="mfb_503.h">
      <Filter>Header Files\instruments</Filter>
    </ClInclude>
    <ClInclude Include="mfb_522.h">
      <Filter>Header Files\instruments</Filter>
    </ClInclude>
    <ClInclude Include="tanzbar.h">
      <Filter>Header Files\instruments</Filter>
    </ClInclude>
    <ClInclude Include="mono_dub.h">
      <Filter>Header Files\instruments</Filter>
    </ClInclude>
    <ClInclude Include="mono.h">
      <Filter>Header Files\instruments</Filter>
    </ClInclude>
    <ClInclude Include="poly.h">
      <Filter>Header Files\instruments</Filter>
    </ClInclude>
    <ClInclude Include="arp.h">
      <Filter>Header Files\generators</Filter>
    </ClInclude>
    <ClInclude Include="fugue.h">
      <Filter>Header Files\generators</Filter>
    </ClInclude>
    <ClInclude Include="consts.h">
      <Filter>Header Files\defs</Filter>
    </ClInclude>
    <ClInclude Include="defs.h">
      <Filter>Header Files\defs</Filter>
    </ClInclude>
    <ClInclude Include="enums.h">
      <Filter>Header Files\defs</Filter>
    </ClInclude>
    <ClInclude Include="callbacks.h">
      <Filter>Header Files\app</Filter>
    </ClInclude>
    <ClInclude Include="midi_io.h">
      <Filter>Header Files\app</Filter>
    </ClInclude>
    <ClInclude Include="note_handling.h">
      <Filter>Header Files\app</Filter>
    </ClInclude>
    <ClInclude Include="step_callbacks.h">
      <Filter>Header Files\app</Filter>
    </ClInclude>
    <ClInclude Include="steps.h">
      <Filter>Header Files\app</Filter>
    </ClInclude>
    <ClInclude Include="ui.h">
      <Filter>Header Files\app</Filter>
    </ClInclude>
    <ClInclude Include="harmony.h">
      <Filter>Header Files\generators</Filter>
    </ClInclude>
    <ClInclude Include="scale.h">
      <Filter>Header Files\defs</Filter>
    </ClInclude>
    <ClInclude Include="harmony_struct.h">
      <Filter>Header Files\defs</Filter>
    </ClInclude>
    <ClInclude Include="application_data.h">
      <Filter>Header Files\defs</Filter>
    </ClInclude>
  </ItemGroup>
</Project>