
Microsoft Visual Studio Solution File, Format Version 12.00
# Visual Studio 15
VisualStudioVersion = 15.0.28010.2036
MinimumVisualStudioVersion = 10.0.40219.1
Project("{8BC9CEB8-8B4A-11D0-8D11-00A0C91BC942}") = "MiduinoSketch", "MiduinoSketch.vcxproj", "{C5F80730-F44F-4478-BDAE-6634EFC2CA88}"
EndProject
Project("{8BC9CEB8-8B4A-11D0-8D11-00A0C91BC942}") = "DevApp", "..\DevApp\DevApp\DevApp.vcxproj", "{4BA5369C-DDAA-4379-992D-230C800F559A}"
	ProjectSection(ProjectDependencies) = postProject
		{C5F80730-F44F-4478-BDAE-6634EFC2CA88} = {C5F80730-F44F-4478-BDAE-6634EFC2CA88}
	EndProjectSection
EndProject
Global
	GlobalSection(SolutionConfigurationPlatforms) = preSolution
		Debug|x64 = Debug|x64
		Debug|x86 = Debug|x86
		Release|x64 = Release|x64
		Release|x86 = Release|x86
	EndGlobalSection
	GlobalSection(ProjectConfigurationPlatforms) = postSolution
		{C5F80730-F44F-4478-BDAE-6634EFC2CA88}.Debug|x64.ActiveCfg = Debug|Win32
		{C5F80730-F44F-4478-BDAE-6634EFC2CA88}.Debug|x86.ActiveCfg = Debug|Win32
		{C5F80730-F44F-4478-BDAE-6634EFC2CA88}.Debug|x86.Build.0 = Debug|Win32
		{C5F80730-F44F-4478-BDAE-6634EFC2CA88}.Release|x64.ActiveCfg = Release|Win32
		{C5F80730-F44F-4478-BDAE-6634EFC2CA88}.Release|x86.ActiveCfg = Release|Win32
		{C5F80730-F44F-4478-BDAE-6634EFC2CA88}.Release|x86.Build.0 = Release|Win32
		{4BA5369C-DDAA-4379-992D-230C800F559A}.Debug|x64.ActiveCfg = Debug|x64
		{4BA5369C-DDAA-4379-992D-230C800F559A}.Debug|x64.Build.0 = Debug|x64
		{4BA5369C-DDAA-4379-992D-230C800F559A}.Debug|x86.ActiveCfg = Debug|Win32
		{4BA5369C-DDAA-4379-992D-230C800F559A}.Debug|x86.Build.0 = Debug|Win32
		{4BA5369C-DDAA-4379-992D-230C800F559A}.Release|x64.ActiveCfg = Release|x64
		{4BA5369C-DDAA-4379-992D-230C800F559A}.Release|x64.Build.0 = Release|x64
		{4BA5369C-DDAA-4379-992D-230C800F559A}.Release|x86.ActiveCfg = Release|x64
		{4BA5369C-DDAA-4379-992D-230C800F559A}.Release|x86.Build.0 = Release|x64
	EndGlobalSection
	GlobalSection(SolutionProperties) = preSolution
		HideSolutionNode = FALSE
	EndGlobalSection
	GlobalSection(ExtensibilityGlobals) = postSolution
		SolutionGuid = {68B5065F-D07F-43DB-8BBE-2F6DE1E051A8}
	EndGlobalSection
EndGlobal
