<?xml version="1.0" encoding="utf-8"?>
<Project ToolsVersion="4.0" xmlns="http://schemas.microsoft.com/developer/msbuild/2003">
  <ItemGroup>
    <ClCompile Include="src\main.cpp">
      <Filter>src</Filter>
    </ClCompile>
    <ClCompile Include="..\..\..\..\OF\of_v0.10.1_vs2017_release\addons\ofxMidi\src\ofxBaseMidi.cpp">
      <Filter>addons\ofxMidi\src</Filter>
    </ClCompile>
    <ClCompile Include="..\..\..\..\OF\of_v0.10.1_vs2017_release\addons\ofxMidi\src\ofxMidi.cpp">
      <Filter>addons\ofxMidi\src</Filter>
    </ClCompile>
    <ClCompile Include="..\..\..\..\OF\of_v0.10.1_vs2017_release\addons\ofxMidi\src\ofxMidiClock.cpp">
      <Filter>addons\ofxMidi\src</Filter>
    </ClCompile>
    <ClCompile Include="..\..\..\..\OF\of_v0.10.1_vs2017_release\addons\ofxMidi\src\ofxMidiIn.cpp">
      <Filter>addons\ofxMidi\src</Filter>
    </ClCompile>
    <ClCompile Include="..\..\..\..\OF\of_v0.10.1_vs2017_release\addons\ofxMidi\src\ofxMidiMessage.cpp">
      <Filter>addons\ofxMidi\src</Filter>
    </ClCompile>
    <ClCompile Include="..\..\..\..\OF\of_v0.10.1_vs2017_release\addons\ofxMidi\src\ofxMidiOut.cpp">
      <Filter>addons\ofxMidi\src</Filter>
    </ClCompile>
    <ClCompile Include="..\..\..\..\OF\of_v0.10.1_vs2017_release\addons\ofxMidi\src\ofxMidiTimecode.cpp">
      <Filter>addons\ofxMidi\src</Filter>
    </ClCompile>
    <ClCompile Include="..\..\..\..\OF\of_v0.10.1_vs2017_release\addons\ofxMidi\src\desktop\ofxRtMidiIn.cpp">
      <Filter>addons\ofxMidi\src\desktop</Filter>
    </ClCompile>
    <ClCompile Include="..\..\..\..\OF\of_v0.10.1_vs2017_release\addons\ofxMidi\src\desktop\ofxRtMidiOut.cpp">
      <Filter>addons\ofxMidi\src\desktop</Filter>
    </ClCompile>
    <ClCompile Include="..\..\..\..\OF\of_v0.10.1_vs2017_release\addons\ofxMidi\libs\rtmidi\RtMidi.cpp">
      <Filter>addons\ofxMidi\libs\rtmidi</Filter>
    </ClCompile>
    <ClCompile Include="src\VleerhondApp.cpp">
      <Filter>src</Filter>
    </ClCompile>
    <ClCompile Include="src\application\application_data.cpp">
      <Filter>src\application</Filter>
    </ClCompile>
  </ItemGroup>
  <ItemGroup>
    <Filter Include="src">
      <UniqueIdentifier>{d8376475-7454-4a24-b08a-aac121d3ad6f}</UniqueIdentifier>
    </Filter>
    <Filter Include="addons">
      <UniqueIdentifier>{af04389a-ffd0-4552-9efe-c88c6c6dcaae}</UniqueIdentifier>
    </Filter>
    <Filter Include="addons\ofxMidi">
      <UniqueIdentifier>{b51cc6b4-8fc8-4c98-bf0f-e0279ed9804f}</UniqueIdentifier>
    </Filter>
    <Filter Include="addons\ofxMidi\src">
      <UniqueIdentifier>{1e5ef013-8240-4060-94af-e6ce4d869ca5}</UniqueIdentifier>
    </Filter>
    <Filter Include="addons\ofxMidi\src\desktop">
      <UniqueIdentifier>{92ac0526-9837-496b-b804-e4e3cb90af6f}</UniqueIdentifier>
    </Filter>
    <Filter Include="addons\ofxMidi\src\ios">
      <UniqueIdentifier>{118e0fde-7579-4503-9937-9edb8c344df5}</UniqueIdentifier>
    </Filter>
    <Filter Include="addons\ofxMidi\libs">
      <UniqueIdentifier>{074f2a29-c9b8-4c8d-8622-a9d154486c7b}</UniqueIdentifier>
    </Filter>
    <Filter Include="addons\ofxMidi\libs\pgmidi">
      <UniqueIdentifier>{9db63b3d-f193-49b7-9181-43cff5b7ef3c}</UniqueIdentifier>
    </Filter>
    <Filter Include="addons\ofxMidi\libs\rtmidi">
      <UniqueIdentifier>{2bd549d5-f2eb-4c61-97aa-d5af8bc7995a}</UniqueIdentifier>
    </Filter>
    <Filter Include="headers">
      <UniqueIdentifier>{2d240f40-f3e7-4693-96c8-4904b9333fc4}</UniqueIdentifier>
    </Filter>
    <Filter Include="headers\instruments">
      <UniqueIdentifier>{4b0a69e4-e362-4335-b607-b4d17ae22857}</UniqueIdentifier>
    </Filter>
    <Filter Include="headers\utils">
      <UniqueIdentifier>{f6482d75-37f2-4172-842e-cb8e54e81b24}</UniqueIdentifier>
    </Filter>
    <Filter Include="headers\instruments\tanzbar">
      <UniqueIdentifier>{383c7297-4be2-43cd-bc67-7e472cf93e57}</UniqueIdentifier>
    </Filter>
    <Filter Include="headers\app">
      <UniqueIdentifier>{4a9475c6-0918-4793-9190-27625c33f653}</UniqueIdentifier>
    </Filter>
    <Filter Include="headers\instruments\drums">
      <UniqueIdentifier>{afff57e2-9de1-42f0-a569-a3aa37282eba}</UniqueIdentifier>
    </Filter>
    <Filter Include="headers\instruments\mfb_503">
      <UniqueIdentifier>{35139ff4-b5a4-44f2-a4a9-ea0d7d9f92f0}</UniqueIdentifier>
    </Filter>
    <Filter Include="headers\instruments\tonal_instruments">
      <UniqueIdentifier>{aac24837-038d-4b28-806b-29225085ca5a}</UniqueIdentifier>
    </Filter>
    <Filter Include="headers\instruments\vermona">
      <UniqueIdentifier>{e9e79043-405b-4114-93eb-8666debf476e}</UniqueIdentifier>
    </Filter>
    <Filter Include="src\application">
      <UniqueIdentifier>{56a16e2c-fd19-4e8e-b3e9-bbc7bd14d7a3}</UniqueIdentifier>
    </Filter>
  </ItemGroup>
  <ItemGroup>
    <ClInclude Include="..\..\..\..\OF\of_v0.10.1_vs2017_release\addons\ofxMidi\src\ofxBaseMidi.h">
      <Filter>addons\ofxMidi\src</Filter>
    </ClInclude>
    <ClInclude Include="..\..\..\..\OF\of_v0.10.1_vs2017_release\addons\ofxMidi\src\ofxMidi.h">
      <Filter>addons\ofxMidi\src</Filter>
    </ClInclude>
    <ClInclude Include="..\..\..\..\OF\of_v0.10.1_vs2017_release\addons\ofxMidi\src\ofxMidiClock.h">
      <Filter>addons\ofxMidi\src</Filter>
    </ClInclude>
    <ClInclude Include="..\..\..\..\OF\of_v0.10.1_vs2017_release\addons\ofxMidi\src\ofxMidiConstants.h">
      <Filter>addons\ofxMidi\src</Filter>
    </ClInclude>
    <ClInclude Include="..\..\..\..\OF\of_v0.10.1_vs2017_release\addons\ofxMidi\src\ofxMidiIn.h">
      <Filter>addons\ofxMidi\src</Filter>
    </ClInclude>
    <ClInclude Include="..\..\..\..\OF\of_v0.10.1_vs2017_release\addons\ofxMidi\src\ofxMidiMessage.h">
      <Filter>addons\ofxMidi\src</Filter>
    </ClInclude>
    <ClInclude Include="..\..\..\..\OF\of_v0.10.1_vs2017_release\addons\ofxMidi\src\ofxMidiOut.h">
      <Filter>addons\ofxMidi\src</Filter>
    </ClInclude>
    <ClInclude Include="..\..\..\..\OF\of_v0.10.1_vs2017_release\addons\ofxMidi\src\ofxMidiTimecode.h">
      <Filter>addons\ofxMidi\src</Filter>
    </ClInclude>
    <ClInclude Include="..\..\..\..\OF\of_v0.10.1_vs2017_release\addons\ofxMidi\src\ofxMidiTypes.h">
      <Filter>addons\ofxMidi\src</Filter>
    </ClInclude>
    <ClInclude Include="..\..\..\..\OF\of_v0.10.1_vs2017_release\addons\ofxMidi\src\desktop\ofxRtMidiIn.h">
      <Filter>addons\ofxMidi\src\desktop</Filter>
    </ClInclude>
    <ClInclude Include="..\..\..\..\OF\of_v0.10.1_vs2017_release\addons\ofxMidi\src\desktop\ofxRtMidiOut.h">
      <Filter>addons\ofxMidi\src\desktop</Filter>
    </ClInclude>
    <ClInclude Include="..\..\..\..\OF\of_v0.10.1_vs2017_release\addons\ofxMidi\src\ios\ofxPGMidiContext.h">
      <Filter>addons\ofxMidi\src\ios</Filter>
    </ClInclude>
    <ClInclude Include="..\..\..\..\OF\of_v0.10.1_vs2017_release\addons\ofxMidi\src\ios\ofxPGMidiDelegate.h">
      <Filter>addons\ofxMidi\src\ios</Filter>
    </ClInclude>
    <ClInclude Include="..\..\..\..\OF\of_v0.10.1_vs2017_release\addons\ofxMidi\src\ios\ofxPGMidiIn.h">
      <Filter>addons\ofxMidi\src\ios</Filter>
    </ClInclude>
    <ClInclude Include="..\..\..\..\OF\of_v0.10.1_vs2017_release\addons\ofxMidi\src\ios\ofxPGMidiOut.h">
      <Filter>addons\ofxMidi\src\ios</Filter>
    </ClInclude>
    <ClInclude Include="..\..\..\..\OF\of_v0.10.1_vs2017_release\addons\ofxMidi\src\ios\ofxPGMidiSourceDelegate.h">
      <Filter>addons\ofxMidi\src\ios</Filter>
    </ClInclude>
    <ClInclude Include="..\..\..\..\OF\of_v0.10.1_vs2017_release\addons\ofxMidi\libs\pgmidi\iOSVersionDetection.h">
      <Filter>addons\ofxMidi\libs\pgmidi</Filter>
    </ClInclude>
    <ClInclude Include="..\..\..\..\OF\of_v0.10.1_vs2017_release\addons\ofxMidi\libs\pgmidi\PGArc.h">
      <Filter>addons\ofxMidi\libs\pgmidi</Filter>
    </ClInclude>
    <ClInclude Include="..\..\..\..\OF\of_v0.10.1_vs2017_release\addons\ofxMidi\libs\pgmidi\PGMidi.h">
      <Filter>addons\ofxMidi\libs\pgmidi</Filter>
    </ClInclude>
    <ClInclude Include="..\..\..\..\OF\of_v0.10.1_vs2017_release\addons\ofxMidi\libs\pgmidi\PGMidiAllSources.h">
      <Filter>addons\ofxMidi\libs\pgmidi</Filter>
    </ClInclude>
    <ClInclude Include="..\..\..\..\OF\of_v0.10.1_vs2017_release\addons\ofxMidi\libs\pgmidi\PGMidiFind.h">
      <Filter>addons\ofxMidi\libs\pgmidi</Filter>
    </ClInclude>
    <ClInclude Include="..\..\..\..\OF\of_v0.10.1_vs2017_release\addons\ofxMidi\libs\rtmidi\RtMidi.h">
      <Filter>addons\ofxMidi\libs\rtmidi</Filter>
    </ClInclude>
    <ClInclude Include="src\VleerhondApp.h">
      <Filter>src</Filter>
    </ClInclude>
    <ClInclude Include="headers\step_callbacks.h">
      <Filter>headers\app</Filter>
    </ClInclude>
    <ClInclude Include="headers\instruments\drums\kick.h">
      <Filter>headers\instruments\drums</Filter>
    </ClInclude>
    <ClInclude Include="headers\instruments\mfb_503\mfb_503_kick.h">
      <Filter>headers\instruments\mfb_503</Filter>
    </ClInclude>
    <ClInclude Include="headers\instruments\mfb_503\mfb_503_hats.h">
      <Filter>headers\instruments\mfb_503</Filter>
    </ClInclude>
    <ClInclude Include="headers\instruments\drums\hats.h">
      <Filter>headers\instruments\drums</Filter>
    </ClInclude>
    <ClInclude Include="headers\instruments\drums\toms.h">
      <Filter>headers\instruments\drums</Filter>
    </ClInclude>
    <ClInclude Include="headers\instruments\mfb_503\mfb_503_toms.h">
      <Filter>headers\instruments\mfb_503</Filter>
    </ClInclude>
    <ClInclude Include="headers\instruments\drums\snare.h">
      <Filter>headers\instruments\drums</Filter>
    </ClInclude>
    <ClInclude Include="headers\instruments\mfb_503\mfb_503_snare.h">
      <Filter>headers\instruments\mfb_503</Filter>
    </ClInclude>
    <ClInclude Include="headers\instruments\mfb_503\mfb_503_cymbal.h">
      <Filter>headers\instruments\mfb_503</Filter>
    </ClInclude>
    <ClInclude Include="headers\instruments\drums\cymbal.h">
      <Filter>headers\instruments\drums</Filter>
    </ClInclude>
    <ClInclude Include="headers\instruments\tanzbar\tanzbar_cb.h">
      <Filter>headers\instruments\tanzbar</Filter>
    </ClInclude>
    <ClInclude Include="headers\instruments\tanzbar\tanzbar_cl.h">
      <Filter>headers\instruments\tanzbar</Filter>
    </ClInclude>
    <ClInclude Include="headers\instruments\tanzbar\tanzbar_cp.h">
      <Filter>headers\instruments\tanzbar</Filter>
    </ClInclude>
    <ClInclude Include="headers\instruments\tanzbar\tanzbar_cy.h">
      <Filter>headers\instruments\tanzbar</Filter>
    </ClInclude>
    <ClInclude Include="headers\instruments\tanzbar\tanzbar_hats.h">
      <Filter>headers\instruments\tanzbar</Filter>
    </ClInclude>
    <ClInclude Include="headers\instruments\tanzbar\tanzbar_lo.h">
      <Filter>headers\instruments\tanzbar</Filter>
    </ClInclude>
    <ClInclude Include="headers\instruments\tanzbar\tanzbar_ma.h">
      <Filter>headers\instruments\tanzbar</Filter>
    </ClInclude>
    <ClInclude Include="headers\instruments\tanzbar\tanzbar_sd.h">
      <Filter>headers\instruments\tanzbar</Filter>
    </ClInclude>
    <ClInclude Include="headers\instruments\tanzbar\tanzbar_tom.h">
      <Filter>headers\instruments\tanzbar</Filter>
    </ClInclude>
    <ClInclude Include="headers\instruments\drums\percussion.h">
      <Filter>headers\instruments\drums</Filter>
    </ClInclude>
    <ClInclude Include="headers\application\application_data.h">
      <Filter>headers\app</Filter>
    </ClInclude>
    <ClInclude Include="headers\application\callbacks.h">
      <Filter>headers\app</Filter>
    </ClInclude>
    <ClInclude Include="headers\utils.h">
      <Filter>headers</Filter>
    </ClInclude>
    <ClInclude Include="headers\ab.h">
      <Filter>headers</Filter>
    </ClInclude>
    <ClInclude Include="headers\arp.h">
      <Filter>headers</Filter>
    </ClInclude>
    <ClInclude Include="headers\chords.h">
      <Filter>headers</Filter>
    </ClInclude>
    <ClInclude Include="headers\consts.h">
      <Filter>headers</Filter>
    </ClInclude>
    <ClInclude Include="headers\cv_patterns.h">
      <Filter>headers</Filter>
    </ClInclude>
    <ClInclude Include="headers\defs.h">
      <Filter>headers</Filter>
    </ClInclude>
    <ClInclude Include="headers\enums.h">
      <Filter>headers</Filter>
    </ClInclude>
    <ClInclude Include="headers\euclid.h">
      <Filter>headers</Filter>
    </ClInclude>
    <ClInclude Include="headers\fugue.h">
      <Filter>headers</Filter>
    </ClInclude>
    <ClInclude Include="headers\gate_patterns.h">
      <Filter>headers</Filter>
    </ClInclude>
    <ClInclude Include="headers\harmony_struct.h">
      <Filter>headers</Filter>
    </ClInclude>
    <ClInclude Include="headers\interval_pattern.h">
      <Filter>headers</Filter>
    </ClInclude>
    <ClInclude Include="headers\intervals.h">
      <Filter>headers</Filter>
    </ClInclude>
    <ClInclude Include="headers\midi_channel.h">
      <Filter>headers</Filter>
    </ClInclude>
    <ClInclude Include="headers\midi_io.h">
      <Filter>headers</Filter>
    </ClInclude>
    <ClInclude Include="headers\modulators.h">
      <Filter>headers</Filter>
    </ClInclude>
    <ClInclude Include="headers\note_struct.h">
      <Filter>headers</Filter>
    </ClInclude>
    <ClInclude Include="headers\print.h">
      <Filter>headers</Filter>
    </ClInclude>
    <ClInclude Include="headers\rand.h">
      <Filter>headers</Filter>
    </ClInclude>
    <ClInclude Include="headers\sample_and_hold.h">
      <Filter>headers</Filter>
    </ClInclude>
    <ClInclude Include="headers\scale.h">
      <Filter>headers</Filter>
    </ClInclude>
    <ClInclude Include="headers\steps.h">
      <Filter>headers</Filter>
    </ClInclude>
    <ClInclude Include="headers\time_struct.h">
      <Filter>headers</Filter>
    </ClInclude>
    <ClInclude Include="headers\timing_structs.h">
      <Filter>headers</Filter>
    </ClInclude>
    <ClInclude Include="headers\ui.h">
      <Filter>headers</Filter>
    </ClInclude>
    <ClInclude Include="headers\utils\strings.h">
      <Filter>headers\utils</Filter>
    </ClInclude>
    <ClInclude Include="headers\instruments\instrument_base.h">
      <Filter>headers\instruments</Filter>
    </ClInclude>
    <ClInclude Include="headers\instruments\parameters.h">
      <Filter>headers\instruments</Filter>
    </ClInclude>
    <ClInclude Include="headers\instruments\tonal_instruments\rocket_bass.h">
      <Filter>headers\instruments\tonal_instruments</Filter>
    </ClInclude>
    <ClInclude Include="headers\instruments\bass.h">
      <Filter>headers\instruments\tonal_instruments</Filter>
    </ClInclude>
    <ClInclude Include="headers\instruments\bass_dub_settings.h">
      <Filter>headers\instruments\tonal_instruments</Filter>
    </ClInclude>
    <ClInclude Include="headers\instruments\drone.h">
      <Filter>headers\instruments\tonal_instruments</Filter>
    </ClInclude>
    <ClInclude Include="headers\instruments\lead.h">
      <Filter>headers\instruments\tonal_instruments</Filter>
    </ClInclude>
    <ClInclude Include="headers\instruments\poly.h">
      <Filter>headers\instruments\tonal_instruments</Filter>
    </ClInclude>
    <ClInclude Include="headers\instruments\tonal_instruments\acid_bass.h">
      <Filter>headers\instruments\tonal_instruments</Filter>
    </ClInclude>
    <ClInclude Include="headers\instruments\mfb_503.h">
      <Filter>headers\instruments\mfb_503</Filter>
    </ClInclude>
    <ClInclude Include="headers\instruments\tonal_instruments\fugue_player.h">
      <Filter>headers\instruments\tonal_instruments</Filter>
    </ClInclude>
    <ClInclude Include="headers\instruments\vermona\vermona_mono.h">
      <Filter>headers\instruments\vermona</Filter>
    </ClInclude>
    <ClInclude Include="headers\instruments\mono.h">
      <Filter>headers\instruments\tonal_instruments</Filter>
    </ClInclude>
    <ClInclude Include="headers\instruments\vermona\vermona_mono_dub.h">
      <Filter>headers\instruments\vermona</Filter>
    </ClInclude>
    <ClInclude Include="headers\instruments\mono_dub.h">
      <Filter>headers\instruments\tonal_instruments</Filter>
    </ClInclude>
    <ClInclude Include="headers\instruments\mfb_522\mfb_522.h">
      <Filter>headers\instruments</Filter>
    </ClInclude>
    <ClInclude Include="headers\instruments\instrument_group.h">
      <Filter>headers\instruments</Filter>
    </ClInclude>
    <ClInclude Include="headers\instruments\tanzbar\tanzbar.h">
      <Filter>headers\instruments\tanzbar</Filter>
    </ClInclude>
  </ItemGroup>
  <ItemGroup>
    <ResourceCompile Include="icon.rc" />
  </ItemGroup>
</Project>